// !$*UTF8*$!
{
	archiveVersion = 1;
	classes = {
	};
	objectVersion = 56;
	objects = {

/* Begin PBXBuildFile section */
		C05CC2A42A70C8C90025671E /* WeatherApp.swift in Sources */ = {isa = PBXBuildFile; fileRef = C05CC2A32A70C8C90025671E /* WeatherApp.swift */; };
		C05CC2A62A70C8C90025671E /* ContentView.swift in Sources */ = {isa = PBXBuildFile; fileRef = C05CC2A52A70C8C90025671E /* ContentView.swift */; };
		C05CC2A82A70C8CB0025671E /* Assets.xcassets in Resources */ = {isa = PBXBuildFile; fileRef = C05CC2A72A70C8CB0025671E /* Assets.xcassets */; };
		C05CC2AB2A70C8CB0025671E /* Preview Assets.xcassets in Resources */ = {isa = PBXBuildFile; fileRef = C05CC2AA2A70C8CB0025671E /* Preview Assets.xcassets */; };
		C05CC2B52A70C8CB0025671E /* WeatherTests.swift in Sources */ = {isa = PBXBuildFile; fileRef = C05CC2B42A70C8CB0025671E /* WeatherTests.swift */; };
		C05CC2BF2A70C8CB0025671E /* WeatherUITests.swift in Sources */ = {isa = PBXBuildFile; fileRef = C05CC2BE2A70C8CB0025671E /* WeatherUITests.swift */; };
		C05CC2C12A70C8CB0025671E /* WeatherUITestsLaunchTests.swift in Sources */ = {isa = PBXBuildFile; fileRef = C05CC2C02A70C8CB0025671E /* WeatherUITestsLaunchTests.swift */; };
		C05CC2CE2A781FF10025671E /* WeatherData.swift in Sources */ = {isa = PBXBuildFile; fileRef = C05CC2CD2A781FF10025671E /* WeatherData.swift */; };
		C05CC2D02A78210B0025671E /* WeatherCard.swift in Sources */ = {isa = PBXBuildFile; fileRef = C05CC2CF2A78210B0025671E /* WeatherCard.swift */; };
		C05CC2D22A78A79D0025671E /* LocationManagerDelegate.swift in Sources */ = {isa = PBXBuildFile; fileRef = C05CC2D12A78A79D0025671E /* LocationManagerDelegate.swift */; };
		C05CC2D72A7B4CEF0025671E /* SettingView.swift in Sources */ = {isa = PBXBuildFile; fileRef = C05CC2D62A7B4CEF0025671E /* SettingView.swift */; };
		C05CC2D92A7B4D030025671E /* ForecastView.swift in Sources */ = {isa = PBXBuildFile; fileRef = C05CC2D82A7B4D030025671E /* ForecastView.swift */; };
		C05CC2DB2A7B4D140025671E /* AboutUsView.swift in Sources */ = {isa = PBXBuildFile; fileRef = C05CC2DA2A7B4D140025671E /* AboutUsView.swift */; };
/* End PBXBuildFile section */

/* Begin PBXContainerItemProxy section */
		C05CC2B12A70C8CB0025671E /* PBXContainerItemProxy */ = {
			isa = PBXContainerItemProxy;
			containerPortal = C05CC2982A70C8C90025671E /* Project object */;
			proxyType = 1;
			remoteGlobalIDString = C05CC29F2A70C8C90025671E;
			remoteInfo = Weather;
		};
		C05CC2BB2A70C8CB0025671E /* PBXContainerItemProxy */ = {
			isa = PBXContainerItemProxy;
			containerPortal = C05CC2982A70C8C90025671E /* Project object */;
			proxyType = 1;
			remoteGlobalIDString = C05CC29F2A70C8C90025671E;
			remoteInfo = Weather;
		};
/* End PBXContainerItemProxy section */

/* Begin PBXFileReference section */
		C05CC2A02A70C8C90025671E /* Weather.app */ = {isa = PBXFileReference; explicitFileType = wrapper.application; includeInIndex = 0; path = Weather.app; sourceTree = BUILT_PRODUCTS_DIR; };
		C05CC2A32A70C8C90025671E /* WeatherApp.swift */ = {isa = PBXFileReference; lastKnownFileType = sourcecode.swift; path = WeatherApp.swift; sourceTree = "<group>"; };
		C05CC2A52A70C8C90025671E /* ContentView.swift */ = {isa = PBXFileReference; lastKnownFileType = sourcecode.swift; path = ContentView.swift; sourceTree = "<group>"; };
		C05CC2A72A70C8CB0025671E /* Assets.xcassets */ = {isa = PBXFileReference; lastKnownFileType = folder.assetcatalog; path = Assets.xcassets; sourceTree = "<group>"; };
		C05CC2AA2A70C8CB0025671E /* Preview Assets.xcassets */ = {isa = PBXFileReference; lastKnownFileType = folder.assetcatalog; path = "Preview Assets.xcassets"; sourceTree = "<group>"; };
		C05CC2B02A70C8CB0025671E /* WeatherTests.xctest */ = {isa = PBXFileReference; explicitFileType = wrapper.cfbundle; includeInIndex = 0; path = WeatherTests.xctest; sourceTree = BUILT_PRODUCTS_DIR; };
		C05CC2B42A70C8CB0025671E /* WeatherTests.swift */ = {isa = PBXFileReference; lastKnownFileType = sourcecode.swift; path = WeatherTests.swift; sourceTree = "<group>"; };
		C05CC2BA2A70C8CB0025671E /* WeatherUITests.xctest */ = {isa = PBXFileReference; explicitFileType = wrapper.cfbundle; includeInIndex = 0; path = WeatherUITests.xctest; sourceTree = BUILT_PRODUCTS_DIR; };
		C05CC2BE2A70C8CB0025671E /* WeatherUITests.swift */ = {isa = PBXFileReference; lastKnownFileType = sourcecode.swift; path = WeatherUITests.swift; sourceTree = "<group>"; };
		C05CC2C02A70C8CB0025671E /* WeatherUITestsLaunchTests.swift */ = {isa = PBXFileReference; lastKnownFileType = sourcecode.swift; path = WeatherUITestsLaunchTests.swift; sourceTree = "<group>"; };
		C05CC2CD2A781FF10025671E /* WeatherData.swift */ = {isa = PBXFileReference; lastKnownFileType = sourcecode.swift; path = WeatherData.swift; sourceTree = "<group>"; };
		C05CC2CF2A78210B0025671E /* WeatherCard.swift */ = {isa = PBXFileReference; lastKnownFileType = sourcecode.swift; path = WeatherCard.swift; sourceTree = "<group>"; };
		C05CC2D12A78A79D0025671E /* LocationManagerDelegate.swift */ = {isa = PBXFileReference; lastKnownFileType = sourcecode.swift; path = LocationManagerDelegate.swift; sourceTree = "<group>"; };
		C05CC2D52A78AED10025671E /* Info.plist */ = {isa = PBXFileReference; lastKnownFileType = text.plist; path = Info.plist; sourceTree = "<group>"; };
		C05CC2D62A7B4CEF0025671E /* SettingView.swift */ = {isa = PBXFileReference; lastKnownFileType = sourcecode.swift; path = SettingView.swift; sourceTree = "<group>"; };
		C05CC2D82A7B4D030025671E /* ForecastView.swift */ = {isa = PBXFileReference; lastKnownFileType = sourcecode.swift; path = ForecastView.swift; sourceTree = "<group>"; };
		C05CC2DA2A7B4D140025671E /* AboutUsView.swift */ = {isa = PBXFileReference; lastKnownFileType = sourcecode.swift; path = AboutUsView.swift; sourceTree = "<group>"; };
/* End PBXFileReference section */

/* Begin PBXFrameworksBuildPhase section */
		C05CC29D2A70C8C90025671E /* Frameworks */ = {
			isa = PBXFrameworksBuildPhase;
			buildActionMask = 2147483647;
			files = (
			);
			runOnlyForDeploymentPostprocessing = 0;
		};
		C05CC2AD2A70C8CB0025671E /* Frameworks */ = {
			isa = PBXFrameworksBuildPhase;
			buildActionMask = 2147483647;
			files = (
			);
			runOnlyForDeploymentPostprocessing = 0;
		};
		C05CC2B72A70C8CB0025671E /* Frameworks */ = {
			isa = PBXFrameworksBuildPhase;
			buildActionMask = 2147483647;
			files = (
			);
			runOnlyForDeploymentPostprocessing = 0;
		};
/* End PBXFrameworksBuildPhase section */

/* Begin PBXGroup section */
		C05CC2972A70C8C90025671E = {
			isa = PBXGroup;
			children = (
				C05CC2A22A70C8C90025671E /* Weather */,
				C05CC2B32A70C8CB0025671E /* WeatherTests */,
				C05CC2BD2A70C8CB0025671E /* WeatherUITests */,
				C05CC2A12A70C8C90025671E /* Products */,
			);
			sourceTree = "<group>";
		};
		C05CC2A12A70C8C90025671E /* Products */ = {
			isa = PBXGroup;
			children = (
				C05CC2A02A70C8C90025671E /* Weather.app */,
				C05CC2B02A70C8CB0025671E /* WeatherTests.xctest */,
				C05CC2BA2A70C8CB0025671E /* WeatherUITests.xctest */,
			);
			name = Products;
			sourceTree = "<group>";
		};
		C05CC2A22A70C8C90025671E /* Weather */ = {
			isa = PBXGroup;
			children = (
				C05CC2D52A78AED10025671E /* Info.plist */,
				C05CC2A32A70C8C90025671E /* WeatherApp.swift */,
				C05CC2A52A70C8C90025671E /* ContentView.swift */,
				C05CC2A72A70C8CB0025671E /* Assets.xcassets */,
				C05CC2A92A70C8CB0025671E /* Preview Content */,
				C05CC2CD2A781FF10025671E /* WeatherData.swift */,
				C05CC2CF2A78210B0025671E /* WeatherCard.swift */,
				C05CC2D12A78A79D0025671E /* LocationManagerDelegate.swift */,
				C05CC2D62A7B4CEF0025671E /* SettingView.swift */,
				C05CC2D82A7B4D030025671E /* ForecastView.swift */,
				C05CC2DA2A7B4D140025671E /* AboutUsView.swift */,
			);
			path = Weather;
			sourceTree = "<group>";
		};
		C05CC2A92A70C8CB0025671E /* Preview Content */ = {
			isa = PBXGroup;
			children = (
				C05CC2AA2A70C8CB0025671E /* Preview Assets.xcassets */,
			);
			path = "Preview Content";
			sourceTree = "<group>";
		};
		C05CC2B32A70C8CB0025671E /* WeatherTests */ = {
			isa = PBXGroup;
			children = (
				C05CC2B42A70C8CB0025671E /* WeatherTests.swift */,
			);
			path = WeatherTests;
			sourceTree = "<group>";
		};
		C05CC2BD2A70C8CB0025671E /* WeatherUITests */ = {
			isa = PBXGroup;
			children = (
				C05CC2BE2A70C8CB0025671E /* WeatherUITests.swift */,
				C05CC2C02A70C8CB0025671E /* WeatherUITestsLaunchTests.swift */,
			);
			path = WeatherUITests;
			sourceTree = "<group>";
		};
/* End PBXGroup section */

/* Begin PBXNativeTarget section */
		C05CC29F2A70C8C90025671E /* Weather */ = {
			isa = PBXNativeTarget;
			buildConfigurationList = C05CC2C42A70C8CB0025671E /* Build configuration list for PBXNativeTarget "Weather" */;
			buildPhases = (
				C05CC29C2A70C8C90025671E /* Sources */,
				C05CC29D2A70C8C90025671E /* Frameworks */,
				C05CC29E2A70C8C90025671E /* Resources */,
			);
			buildRules = (
			);
			dependencies = (
			);
			name = Weather;
			productName = Weather;
			productReference = C05CC2A02A70C8C90025671E /* Weather.app */;
			productType = "com.apple.product-type.application";
		};
		C05CC2AF2A70C8CB0025671E /* WeatherTests */ = {
			isa = PBXNativeTarget;
			buildConfigurationList = C05CC2C72A70C8CB0025671E /* Build configuration list for PBXNativeTarget "WeatherTests" */;
			buildPhases = (
				C05CC2AC2A70C8CB0025671E /* Sources */,
				C05CC2AD2A70C8CB0025671E /* Frameworks */,
				C05CC2AE2A70C8CB0025671E /* Resources */,
			);
			buildRules = (
			);
			dependencies = (
				C05CC2B22A70C8CB0025671E /* PBXTargetDependency */,
			);
			name = WeatherTests;
			productName = WeatherTests;
			productReference = C05CC2B02A70C8CB0025671E /* WeatherTests.xctest */;
			productType = "com.apple.product-type.bundle.unit-test";
		};
		C05CC2B92A70C8CB0025671E /* WeatherUITests */ = {
			isa = PBXNativeTarget;
			buildConfigurationList = C05CC2CA2A70C8CB0025671E /* Build configuration list for PBXNativeTarget "WeatherUITests" */;
			buildPhases = (
				C05CC2B62A70C8CB0025671E /* Sources */,
				C05CC2B72A70C8CB0025671E /* Frameworks */,
				C05CC2B82A70C8CB0025671E /* Resources */,
			);
			buildRules = (
			);
			dependencies = (
				C05CC2BC2A70C8CB0025671E /* PBXTargetDependency */,
			);
			name = WeatherUITests;
			productName = WeatherUITests;
			productReference = C05CC2BA2A70C8CB0025671E /* WeatherUITests.xctest */;
			productType = "com.apple.product-type.bundle.ui-testing";
		};
/* End PBXNativeTarget section */

/* Begin PBXProject section */
		C05CC2982A70C8C90025671E /* Project object */ = {
			isa = PBXProject;
			attributes = {
				BuildIndependentTargetsInParallel = 1;
				LastSwiftUpdateCheck = 1420;
				LastUpgradeCheck = 1420;
				TargetAttributes = {
					C05CC29F2A70C8C90025671E = {
						CreatedOnToolsVersion = 14.2;
					};
					C05CC2AF2A70C8CB0025671E = {
						CreatedOnToolsVersion = 14.2;
						TestTargetID = C05CC29F2A70C8C90025671E;
					};
					C05CC2B92A70C8CB0025671E = {
						CreatedOnToolsVersion = 14.2;
						TestTargetID = C05CC29F2A70C8C90025671E;
					};
				};
			};
			buildConfigurationList = C05CC29B2A70C8C90025671E /* Build configuration list for PBXProject "Weather" */;
			compatibilityVersion = "Xcode 14.0";
			developmentRegion = en;
			hasScannedForEncodings = 0;
			knownRegions = (
				en,
				Base,
			);
			mainGroup = C05CC2972A70C8C90025671E;
			productRefGroup = C05CC2A12A70C8C90025671E /* Products */;
			projectDirPath = "";
			projectRoot = "";
			targets = (
				C05CC29F2A70C8C90025671E /* Weather */,
				C05CC2AF2A70C8CB0025671E /* WeatherTests */,
				C05CC2B92A70C8CB0025671E /* WeatherUITests */,
			);
		};
/* End PBXProject section */

/* Begin PBXResourcesBuildPhase section */
		C05CC29E2A70C8C90025671E /* Resources */ = {
			isa = PBXResourcesBuildPhase;
			buildActionMask = 2147483647;
			files = (
				C05CC2AB2A70C8CB0025671E /* Preview Assets.xcassets in Resources */,
				C05CC2A82A70C8CB0025671E /* Assets.xcassets in Resources */,
			);
			runOnlyForDeploymentPostprocessing = 0;
		};
		C05CC2AE2A70C8CB0025671E /* Resources */ = {
			isa = PBXResourcesBuildPhase;
			buildActionMask = 2147483647;
			files = (
			);
			runOnlyForDeploymentPostprocessing = 0;
		};
		C05CC2B82A70C8CB0025671E /* Resources */ = {
			isa = PBXResourcesBuildPhase;
			buildActionMask = 2147483647;
			files = (
			);
			runOnlyForDeploymentPostprocessing = 0;
		};
/* End PBXResourcesBuildPhase section */

/* Begin PBXSourcesBuildPhase section */
		C05CC29C2A70C8C90025671E /* Sources */ = {
			isa = PBXSourcesBuildPhase;
			buildActionMask = 2147483647;
			files = (
				C05CC2A62A70C8C90025671E /* ContentView.swift in Sources */,
				C05CC2D22A78A79D0025671E /* LocationManagerDelegate.swift in Sources */,
				C05CC2DB2A7B4D140025671E /* AboutUsView.swift in Sources */,
				C05CC2CE2A781FF10025671E /* WeatherData.swift in Sources */,
				C05CC2D72A7B4CEF0025671E /* SettingView.swift in Sources */,
				C05CC2D92A7B4D030025671E /* ForecastView.swift in Sources */,
				C05CC2D02A78210B0025671E /* WeatherCard.swift in Sources */,
				C05CC2A42A70C8C90025671E /* WeatherApp.swift in Sources */,
			);
			runOnlyForDeploymentPostprocessing = 0;
		};
		C05CC2AC2A70C8CB0025671E /* Sources */ = {
			isa = PBXSourcesBuildPhase;
			buildActionMask = 2147483647;
			files = (
				C05CC2B52A70C8CB0025671E /* WeatherTests.swift in Sources */,
			);
			runOnlyForDeploymentPostprocessing = 0;
		};
		C05CC2B62A70C8CB0025671E /* Sources */ = {
			isa = PBXSourcesBuildPhase;
			buildActionMask = 2147483647;
			files = (
				C05CC2BF2A70C8CB0025671E /* WeatherUITests.swift in Sources */,
				C05CC2C12A70C8CB0025671E /* WeatherUITestsLaunchTests.swift in Sources */,
			);
			runOnlyForDeploymentPostprocessing = 0;
		};
/* End PBXSourcesBuildPhase section */

/* Begin PBXTargetDependency section */
		C05CC2B22A70C8CB0025671E /* PBXTargetDependency */ = {
			isa = PBXTargetDependency;
			target = C05CC29F2A70C8C90025671E /* Weather */;
			targetProxy = C05CC2B12A70C8CB0025671E /* PBXContainerItemProxy */;
		};
		C05CC2BC2A70C8CB0025671E /* PBXTargetDependency */ = {
			isa = PBXTargetDependency;
			target = C05CC29F2A70C8C90025671E /* Weather */;
			targetProxy = C05CC2BB2A70C8CB0025671E /* PBXContainerItemProxy */;
		};
/* End PBXTargetDependency section */

/* Begin XCBuildConfiguration section */
		C05CC2C22A70C8CB0025671E /* Debug */ = {
			isa = XCBuildConfiguration;
			buildSettings = {
				ALWAYS_SEARCH_USER_PATHS = NO;
				CLANG_ANALYZER_NONNULL = YES;
				CLANG_ANALYZER_NUMBER_OBJECT_CONVERSION = YES_AGGRESSIVE;
				CLANG_CXX_LANGUAGE_STANDARD = "gnu++20";
				CLANG_ENABLE_MODULES = YES;
				CLANG_ENABLE_OBJC_ARC = YES;
				CLANG_ENABLE_OBJC_WEAK = YES;
				CLANG_WARN_BLOCK_CAPTURE_AUTORELEASING = YES;
				CLANG_WARN_BOOL_CONVERSION = YES;
				CLANG_WARN_COMMA = YES;
				CLANG_WARN_CONSTANT_CONVERSION = YES;
				CLANG_WARN_DEPRECATED_OBJC_IMPLEMENTATIONS = YES;
				CLANG_WARN_DIRECT_OBJC_ISA_USAGE = YES_ERROR;
				CLANG_WARN_DOCUMENTATION_COMMENTS = YES;
				CLANG_WARN_EMPTY_BODY = YES;
				CLANG_WARN_ENUM_CONVERSION = YES;
				CLANG_WARN_INFINITE_RECURSION = YES;
				CLANG_WARN_INT_CONVERSION = YES;
				CLANG_WARN_NON_LITERAL_NULL_CONVERSION = YES;
				CLANG_WARN_OBJC_IMPLICIT_RETAIN_SELF = YES;
				CLANG_WARN_OBJC_LITERAL_CONVERSION = YES;
				CLANG_WARN_OBJC_ROOT_CLASS = YES_ERROR;
				CLANG_WARN_QUOTED_INCLUDE_IN_FRAMEWORK_HEADER = YES;
				CLANG_WARN_RANGE_LOOP_ANALYSIS = YES;
				CLANG_WARN_STRICT_PROTOTYPES = YES;
				CLANG_WARN_SUSPICIOUS_MOVE = YES;
				CLANG_WARN_UNGUARDED_AVAILABILITY = YES_AGGRESSIVE;
				CLANG_WARN_UNREACHABLE_CODE = YES;
				CLANG_WARN__DUPLICATE_METHOD_MATCH = YES;
				COPY_PHASE_STRIP = NO;
				DEBUG_INFORMATION_FORMAT = dwarf;
				ENABLE_STRICT_OBJC_MSGSEND = YES;
				ENABLE_TESTABILITY = YES;
				GCC_C_LANGUAGE_STANDARD = gnu11;
				GCC_DYNAMIC_NO_PIC = NO;
				GCC_NO_COMMON_BLOCKS = YES;
				GCC_OPTIMIZATION_LEVEL = 0;
				GCC_PREPROCESSOR_DEFINITIONS = (
					"DEBUG=1",
					"$(inherited)",
				);
				GCC_WARN_64_TO_32_BIT_CONVERSION = YES;
				GCC_WARN_ABOUT_RETURN_TYPE = YES_ERROR;
				GCC_WARN_UNDECLARED_SELECTOR = YES;
				GCC_WARN_UNINITIALIZED_AUTOS = YES_AGGRESSIVE;
				GCC_WARN_UNUSED_FUNCTION = YES;
				GCC_WARN_UNUSED_VARIABLE = YES;
				IPHONEOS_DEPLOYMENT_TARGET = 16.2;
				MTL_ENABLE_DEBUG_INFO = INCLUDE_SOURCE;
				MTL_FAST_MATH = YES;
				ONLY_ACTIVE_ARCH = YES;
				SDKROOT = iphoneos;
				SWIFT_ACTIVE_COMPILATION_CONDITIONS = DEBUG;
				SWIFT_OPTIMIZATION_LEVEL = "-Onone";
			};
			name = Debug;
		};
		C05CC2C32A70C8CB0025671E /* Release */ = {
			isa = XCBuildConfiguration;
			buildSettings = {
				ALWAYS_SEARCH_USER_PATHS = NO;
				CLANG_ANALYZER_NONNULL = YES;
				CLANG_ANALYZER_NUMBER_OBJECT_CONVERSION = YES_AGGRESSIVE;
				CLANG_CXX_LANGUAGE_STANDARD = "gnu++20";
				CLANG_ENABLE_MODULES = YES;
				CLANG_ENABLE_OBJC_ARC = YES;
				CLANG_ENABLE_OBJC_WEAK = YES;
				CLANG_WARN_BLOCK_CAPTURE_AUTORELEASING = YES;
				CLANG_WARN_BOOL_CONVERSION = YES;
				CLANG_WARN_COMMA = YES;
				CLANG_WARN_CONSTANT_CONVERSION = YES;
				CLANG_WARN_DEPRECATED_OBJC_IMPLEMENTATIONS = YES;
				CLANG_WARN_DIRECT_OBJC_ISA_USAGE = YES_ERROR;
				CLANG_WARN_DOCUMENTATION_COMMENTS = YES;
				CLANG_WARN_EMPTY_BODY = YES;
				CLANG_WARN_ENUM_CONVERSION = YES;
				CLANG_WARN_INFINITE_RECURSION = YES;
				CLANG_WARN_INT_CONVERSION = YES;
				CLANG_WARN_NON_LITERAL_NULL_CONVERSION = YES;
				CLANG_WARN_OBJC_IMPLICIT_RETAIN_SELF = YES;
				CLANG_WARN_OBJC_LITERAL_CONVERSION = YES;
				CLANG_WARN_OBJC_ROOT_CLASS = YES_ERROR;
				CLANG_WARN_QUOTED_INCLUDE_IN_FRAMEWORK_HEADER = YES;
				CLANG_WARN_RANGE_LOOP_ANALYSIS = YES;
				CLANG_WARN_STRICT_PROTOTYPES = YES;
				CLANG_WARN_SUSPICIOUS_MOVE = YES;
				CLANG_WARN_UNGUARDED_AVAILABILITY = YES_AGGRESSIVE;
				CLANG_WARN_UNREACHABLE_CODE = YES;
				CLANG_WARN__DUPLICATE_METHOD_MATCH = YES;
				COPY_PHASE_STRIP = NO;
				DEBUG_INFORMATION_FORMAT = "dwarf-with-dsym";
				ENABLE_NS_ASSERTIONS = NO;
				ENABLE_STRICT_OBJC_MSGSEND = YES;
				GCC_C_LANGUAGE_STANDARD = gnu11;
				GCC_NO_COMMON_BLOCKS = YES;
				GCC_WARN_64_TO_32_BIT_CONVERSION = YES;
				GCC_WARN_ABOUT_RETURN_TYPE = YES_ERROR;
				GCC_WARN_UNDECLARED_SELECTOR = YES;
				GCC_WARN_UNINITIALIZED_AUTOS = YES_AGGRESSIVE;
				GCC_WARN_UNUSED_FUNCTION = YES;
				GCC_WARN_UNUSED_VARIABLE = YES;
				IPHONEOS_DEPLOYMENT_TARGET = 16.2;
				MTL_ENABLE_DEBUG_INFO = NO;
				MTL_FAST_MATH = YES;
				SDKROOT = iphoneos;
				SWIFT_COMPILATION_MODE = wholemodule;
				SWIFT_OPTIMIZATION_LEVEL = "-O";
				VALIDATE_PRODUCT = YES;
			};
			name = Release;
		};
		C05CC2C52A70C8CB0025671E /* Debug */ = {
			isa = XCBuildConfiguration;
			buildSettings = {
				ASSETCATALOG_COMPILER_APPICON_NAME = AppIcon;
				ASSETCATALOG_COMPILER_GLOBAL_ACCENT_COLOR_NAME = AccentColor;
				CODE_SIGN_STYLE = Automatic;
				CURRENT_PROJECT_VERSION = 1;
				DEVELOPMENT_ASSET_PATHS = "\"Weather/Preview Content\"";
				DEVELOPMENT_TEAM = W9366LTL45;
				ENABLE_PREVIEWS = YES;
				GENERATE_INFOPLIST_FILE = YES;
				INFOPLIST_FILE = Weather/Info.plist;
				INFOPLIST_KEY_NSLocationUsageDescription = "usage for app";
				INFOPLIST_KEY_NSLocationWhenInUseUsageDescription = "to get user location";
				INFOPLIST_KEY_UIApplicationSceneManifest_Generation = YES;
				INFOPLIST_KEY_UIApplicationSupportsIndirectInputEvents = YES;
				INFOPLIST_KEY_UILaunchScreen_Generation = YES;
				INFOPLIST_KEY_UISupportedInterfaceOrientations_iPad = "UIInterfaceOrientationPortrait UIInterfaceOrientationPortraitUpsideDown UIInterfaceOrientationLandscapeLeft UIInterfaceOrientationLandscapeRight";
				INFOPLIST_KEY_UISupportedInterfaceOrientations_iPhone = "UIInterfaceOrientationPortrait UIInterfaceOrientationLandscapeLeft UIInterfaceOrientationLandscapeRight";
				LD_RUNPATH_SEARCH_PATHS = (
					"$(inherited)",
					"@executable_path/Frameworks",
				);
				MARKETING_VERSION = 1.0;
				PRODUCT_BUNDLE_IDENTIFIER = project.Weather;
				PRODUCT_NAME = "$(TARGET_NAME)";
				SWIFT_EMIT_LOC_STRINGS = YES;
				SWIFT_VERSION = 5.0;
				TARGETED_DEVICE_FAMILY = "1,2";
			};
			name = Debug;
		};
		C05CC2C62A70C8CB0025671E /* Release */ = {
			isa = XCBuildConfiguration;
			buildSettings = {
				ASSETCATALOG_COMPILER_APPICON_NAME = AppIcon;
				ASSETCATALOG_COMPILER_GLOBAL_ACCENT_COLOR_NAME = AccentColor;
				CODE_SIGN_STYLE = Automatic;
				CURRENT_PROJECT_VERSION = 1;
				DEVELOPMENT_ASSET_PATHS = "\"Weather/Preview Content\"";
				DEVELOPMENT_TEAM = W9366LTL45;
				ENABLE_PREVIEWS = YES;
				GENERATE_INFOPLIST_FILE = YES;
				INFOPLIST_FILE = Weather/Info.plist;
				INFOPLIST_KEY_NSLocationUsageDescription = "usage for app";
				INFOPLIST_KEY_NSLocationWhenInUseUsageDescription = "to get user location";
				INFOPLIST_KEY_UIApplicationSceneManifest_Generation = YES;
				INFOPLIST_KEY_UIApplicationSupportsIndirectInputEvents = YES;
				INFOPLIST_KEY_UILaunchScreen_Generation = YES;
				INFOPLIST_KEY_UISupportedInterfaceOrientations_iPad = "UIInterfaceOrientationPortrait UIInterfaceOrientationPortraitUpsideDown UIInterfaceOrientationLandscapeLeft UIInterfaceOrientationLandscapeRight";
				INFOPLIST_KEY_UISupportedInterfaceOrientations_iPhone = "UIInterfaceOrientationPortrait UIInterfaceOrientationLandscapeLeft UIInterfaceOrientationLandscapeRight";
				LD_RUNPATH_SEARCH_PATHS = (
					"$(inherited)",
					"@executable_path/Frameworks",
				);
				MARKETING_VERSION = 1.0;
				PRODUCT_BUNDLE_IDENTIFIER = project.Weather;
				PRODUCT_NAME = "$(TARGET_NAME)";
				SWIFT_EMIT_LOC_STRINGS = YES;
				SWIFT_VERSION = 5.0;
				TARGETED_DEVICE_FAMILY = "1,2";
			};
			name = Release;
		};
		C05CC2C82A70C8CB0025671E /* Debug */ = {
			isa = XCBuildConfiguration;
			buildSettings = {
				ALWAYS_EMBED_SWIFT_STANDARD_LIBRARIES = YES;
				BUNDLE_LOADER = "$(TEST_HOST)";
				CODE_SIGN_STYLE = Automatic;
				CURRENT_PROJECT_VERSION = 1;
				DEVELOPMENT_TEAM = W9366LTL45;
				GENERATE_INFOPLIST_FILE = YES;
				IPHONEOS_DEPLOYMENT_TARGET = 16.2;
				MARKETING_VERSION = 1.0;
				PRODUCT_BUNDLE_IDENTIFIER = project.WeatherTests;
				PRODUCT_NAME = "$(TARGET_NAME)";
				SWIFT_EMIT_LOC_STRINGS = NO;
				SWIFT_VERSION = 5.0;
				TARGETED_DEVICE_FAMILY = "1,2";
				TEST_HOST = "$(BUILT_PRODUCTS_DIR)/Weather.app/$(BUNDLE_EXECUTABLE_FOLDER_PATH)/Weather";
			};
			name = Debug;
		};
		C05CC2C92A70C8CB0025671E /* Release */ = {
			isa = XCBuildConfiguration;
			buildSettings = {
				ALWAYS_EMBED_SWIFT_STANDARD_LIBRARIES = YES;
				BUNDLE_LOADER = "$(TEST_HOST)";
				CODE_SIGN_STYLE = Automatic;
				CURRENT_PROJECT_VERSION = 1;
				DEVELOPMENT_TEAM = W9366LTL45;
				GENERATE_INFOPLIST_FILE = YES;
				IPHONEOS_DEPLOYMENT_TARGET = 16.2;
				MARKETING_VERSION = 1.0;
				PRODUCT_BUNDLE_IDENTIFIER = project.WeatherTests;
				PRODUCT_NAME = "$(TARGET_NAME)";
				SWIFT_EMIT_LOC_STRINGS = NO;
				SWIFT_VERSION = 5.0;
				TARGETED_DEVICE_FAMILY = "1,2";
				TEST_HOST = "$(BUILT_PRODUCTS_DIR)/Weather.app/$(BUNDLE_EXECUTABLE_FOLDER_PATH)/Weather";
			};
			name = Release;
		};
		C05CC2CB2A70C8CB0025671E /* Debug */ = {
			isa = XCBuildConfiguration;
			buildSettings = {
				ALWAYS_EMBED_SWIFT_STANDARD_LIBRARIES = YES;
				CODE_SIGN_STYLE = Automatic;
				CURRENT_PROJECT_VERSION = 1;
				DEVELOPMENT_TEAM = W9366LTL45;
				GENERATE_INFOPLIST_FILE = YES;
				MARKETING_VERSION = 1.0;
				PRODUCT_BUNDLE_IDENTIFIER = project.WeatherUITests;
				PRODUCT_NAME = "$(TARGET_NAME)";
				SWIFT_EMIT_LOC_STRINGS = NO;
				SWIFT_VERSION = 5.0;
				TARGETED_DEVICE_FAMILY = "1,2";
				TEST_TARGET_NAME = Weather;
			};
			name = Debug;
		};
		C05CC2CC2A70C8CB0025671E /* Release */ = {
			isa = XCBuildConfiguration;
			buildSettings = {
				ALWAYS_EMBED_SWIFT_STANDARD_LIBRARIES = YES;
				CODE_SIGN_STYLE = Automatic;
				CURRENT_PROJECT_VERSION = 1;
				DEVELOPMENT_TEAM = W9366LTL45;
				GENERATE_INFOPLIST_FILE = YES;
				MARKETING_VERSION = 1.0;
				PRODUCT_BUNDLE_IDENTIFIER = project.WeatherUITests;
				PRODUCT_NAME = "$(TARGET_NAME)";
				SWIFT_EMIT_LOC_STRINGS = NO;
				SWIFT_VERSION = 5.0;
				TARGETED_DEVICE_FAMILY = "1,2";
				TEST_TARGET_NAME = Weather;
			};
			name = Release;
		};
/* End XCBuildConfiguration section */

/* Begin XCConfigurationList section */
		C05CC29B2A70C8C90025671E /* Build configuration list for PBXProject "Weather" */ = {
			isa = XCConfigurationList;
			buildConfigurations = (
				C05CC2C22A70C8CB0025671E /* Debug */,
				C05CC2C32A70C8CB0025671E /* Release */,
			);
			defaultConfigurationIsVisible = 0;
			defaultConfigurationName = Release;
		};
		C05CC2C42A70C8CB0025671E /* Build configuration list for PBXNativeTarget "Weather" */ = {
			isa = XCConfigurationList;
			buildConfigurations = (
				C05CC2C52A70C8CB0025671E /* Debug */,
				C05CC2C62A70C8CB0025671E /* Release */,
			);
			defaultConfigurationIsVisible = 0;
			defaultConfigurationName = Release;
		};
		C05CC2C72A70C8CB0025671E /* Build configuration list for PBXNativeTarget "WeatherTests" */ = {
			isa = XCConfigurationList;
			buildConfigurations = (
				C05CC2C82A70C8CB0025671E /* Debug */,
				C05CC2C92A70C8CB0025671E /* Release */,
			);
			defaultConfigurationIsVisible = 0;
			defaultConfigurationName = Release;
		};
		C05CC2CA2A70C8CB0025671E /* Build configuration list for PBXNativeTarget "WeatherUITests" */ = {
			isa = XCConfigurationList;
			buildConfigurations = (
				C05CC2CB2A70C8CB0025671E /* Debug */,
				C05CC2CC2A70C8CB0025671E /* Release */,
			);
			defaultConfigurationIsVisible = 0;
			defaultConfigurationName = Release;
		};
/* End XCConfigurationList section */
	};
	rootObject = C05CC2982A70C8C90025671E /* Project object */;
}
